# THIS IS AN AUTOGENERATED FILE. DO NOT EDIT THIS FILE DIRECTLY.
# yarn lockfile v1


"@aztec/bb.js@0.47.1":
  version "0.47.1"
  resolved "https://registry.yarnpkg.com/@aztec/bb.js/-/bb.js-0.47.1.tgz#12eef70be6df816af9122448fdafffcaf59eef2e"
  integrity sha512-3SmRF+suvNZkheCWGU7jH/reEHXkAjMo7q5u/xoLFL0Rn/1HZQN0W6o6Sd3QUoopCwVWQIJ66YwalaRaslP41Q==
  dependencies:
    comlink "^4.4.1"
    commander "^10.0.1"
    debug "^4.3.4"
    tslib "^2.4.0"

"@noir-lang/acvm_js@0.49.0":
  version "0.49.0"
  resolved "https://registry.yarnpkg.com/@noir-lang/acvm_js/-/acvm_js-0.49.0.tgz#4a87eff36b1614320bb4b9e8c3925ff29e44353e"
  integrity sha512-bBcEbGB48ippJnuDu17JDsR5NFazcY4/huzouFkjLpSrFfzlUINCeZ0JqwuQHMq6VDlPB9L8KF7q3zJ5X1L34g==

"@noir-lang/backend_barretenberg@^0.33.0":
  version "0.33.0"
  resolved "https://registry.yarnpkg.com/@noir-lang/backend_barretenberg/-/backend_barretenberg-0.33.0.tgz#168529cba77ef5b4e0eb22cbdca873776e3265ba"
  integrity sha512-9uxgUAzM1ERqGbeNTsCNPfADttDzzXBfaHOQkzMKKtDk2S+3u68gDrlZmC/MJKkf1ZzFG1Ly95XpbpPFW993ig==
  dependencies:
    "@aztec/bb.js" "0.47.1"
    "@noir-lang/types" "0.33.0"
    fflate "^0.8.0"

"@noir-lang/noir_js@^0.33.0":
  version "0.33.0"
  resolved "https://registry.yarnpkg.com/@noir-lang/noir_js/-/noir_js-0.33.0.tgz#2d1677dbe0eb94122f50c46c5e69c21d967b18fe"
  integrity sha512-woM8ZOy2X2qnukLcD1WwjFA1WeZFNRKa/dRNbYpgP+hVi/yBbR4xFcNxrswEMzoKeehgwaf0IK0Lkw4KRM5a4Q==
  dependencies:
    "@noir-lang/acvm_js" "0.49.0"
    "@noir-lang/noirc_abi" "0.33.0"
    "@noir-lang/types" "0.33.0"

"@noir-lang/noirc_abi@0.33.0":
  version "0.33.0"
  resolved "https://registry.yarnpkg.com/@noir-lang/noirc_abi/-/noirc_abi-0.33.0.tgz#61a0252c44006308cd0c6395fa53298d922c83f0"
  integrity sha512-aTkTIIFh9QJqfjrXMCNwvZOKZTxYgAEtgVc3uuKIbv4C6hghg6NHaWnQ04szCvSfA9hvc1T+Std087CrAahvYA==
  dependencies:
    "@noir-lang/types" "0.33.0"

"@noir-lang/types@0.33.0":
  version "0.33.0"
  resolved "https://registry.yarnpkg.com/@noir-lang/types/-/types-0.33.0.tgz#62f70e42df9c49d80678ea8bae47e12e5a344ec4"
  integrity sha512-iXtn+L7Fy1Oj7XUKLg3Jpam213QDQtmt/5izNnMaESz87+3vNNeAKR2ssVOB6qkjkuOH8p7cShSruGCPACiaAA==

comlink@^4.4.1:
  version "4.4.1"
  resolved "https://registry.yarnpkg.com/comlink/-/comlink-4.4.1.tgz#e568b8e86410b809e8600eb2cf40c189371ef981"
  integrity sha512-+1dlx0aY5Jo1vHy/tSsIGpSkN4tS9rZSW8FIhG0JH/crs9wwweswIo/POr451r7bZww3hFbPAKnTpimzL/mm4Q==

commander@^10.0.1:
  version "10.0.1"
  resolved "https://registry.yarnpkg.com/commander/-/commander-10.0.1.tgz#881ee46b4f77d1c1dccc5823433aa39b022cbe06"
  integrity sha512-y4Mg2tXshplEbSGzx7amzPwKKOCGuoSRP/CjEdwwk0FOGlUbq6lKuoyDZTNZkmxHdJtp54hdfY/JUrdL7Xfdug==

debug@^4.3.4:
  version "4.3.6"
  resolved "https://registry.yarnpkg.com/debug/-/debug-4.3.6.tgz#2ab2c38fbaffebf8aa95fdfe6d88438c7a13c52b"
  integrity sha512-O/09Bd4Z1fBrU4VzkhFqVgpPzaGbw6Sm9FEkBT1A/YBXQFGuuSxa1dN2nxgxS34JmKXqYx8CZAwEVoJFImUXIg==
  dependencies:
    ms "2.1.2"

fflate@^0.8.0:
  version "0.8.2"
  resolved "https://registry.yarnpkg.com/fflate/-/fflate-0.8.2.tgz#fc8631f5347812ad6028bbe4a2308b2792aa1dea"
  integrity sha512-cPJU47OaAoCbg0pBvzsgpTPhmhqI5eJjh/JIu8tPj5q+T7iLvW/JAYUqmE7KOB4R1ZyEhzBaIQpQpardBF5z8A==

ms@2.1.2:
  version "2.1.2"
  resolved "https://registry.yarnpkg.com/ms/-/ms-2.1.2.tgz#d09d1f357b443f493382a8eb3ccd183872ae6009"
  integrity sha512-sGkPx+VjMtmA6MX27oA4FBFELFCZZ4S4XqeGOXCv68tT+jb3vk/RyaKWP0PTKyWtmLSM0b+adUTEvbs1PEaH2w==

tslib@^2.4.0:
  version "2.6.3"
  resolved "https://registry.yarnpkg.com/tslib/-/tslib-2.6.3.tgz#0438f810ad7a9edcde7a241c3d80db693c8cbfe0"
  integrity sha512-xNvxJEOUiWPGhUuUdQgAJPKOOJfGnIyKySOc09XkKsgdUV/3E2zvwZYdejjmRgPCgcym1juLH3226yA7sEFJKQ==
